{
  "version": 4,
  "terraform_version": "1.13.3",
  "serial": 691,
  "lineage": "a7173ba1-fdda-a67d-da57-7645e500ce3a",
  "outputs": {
    "ansible_inventory": {
      "value": "# Plant Monitoring System Infrastructure Inventory\n# Generated automatically by Terraform\n\n[kafka_vm]\nvm-1-kafka ansible_host=10.0.128.88\n\n[mongodb_vm]\nvm-2-mongodb ansible_host=10.0.128.150\n\n[processor_vm]\nvm-3-processor ansible_host=10.0.128.96\n\n[homeassistant_vm]\nvm-4-homeassistant ansible_host=18.191.38.131\n\n# Legacy group names for backwards compatibility\n[kafka]\nvm-1-kafka ansible_host=10.0.128.88\n\n[mongodb]\nvm-2-mongodb ansible_host=10.0.128.150\n\n[processor]\nvm-3-processor ansible_host=10.0.128.96\n\n[homeassistant]\nvm-4-homeassistant ansible_host=18.191.38.131\n\n# Private subnet VMs (accessible via bastion host)\n[private_vms]\nvm-1-kafka ansible_host=10.0.128.88\nvm-2-mongodb ansible_host=10.0.128.150\nvm-3-processor ansible_host=10.0.128.96\n\n# Public subnet VMs (direct access)\n[public_vms]\nvm-4-homeassistant ansible_host=18.191.38.131\n\n# SSH configuration for private VMs (through bastion)\n[private_vms:vars]\nansible_ssh_common_args='-o ProxyCommand=\"ssh -i ~/.ssh/plant-monitoring-key.pem -W %h:%p -q ubuntu@18.191.38.131\"'\n\n[all:vars]\nansible_user=ubuntu\nansible_ssh_private_key_file=~/.ssh/plant-monitoring-key.pem\nansible_ssh_host_key_checking=False\nansible_ssh_port=22\n\n# AWS Secrets Manager secret names (populated by Terraform)\nmongodb_credentials_secret=plant-monitoring-dev/mongodb/credentials\nhomeassistant_credentials_secret=plant-monitoring-dev/homeassistant/credentials\napplication_config_secret=plant-monitoring-dev/application/config",
      "type": "string"
    },
    "connection_info": {
      "value": {
        "bastion_host": {
          "command": "ssh -i ~/.ssh/plant-monitoring-key.pem ubuntu@18.191.38.131",
          "public_ip": "18.191.38.131"
        },
        "private_instances": {
          "kafka": "ssh -i ~/.ssh/plant-monitoring-key.pem -o ProxyCommand='ssh -W %h:%p -q ubuntu@18.191.38.131' ubuntu@10.0.128.88",
          "mongodb": "ssh -i ~/.ssh/plant-monitoring-key.pem -o ProxyCommand='ssh -W %h:%p -q ubuntu@18.191.38.131' ubuntu@10.0.128.150",
          "processor": "ssh -i ~/.ssh/plant-monitoring-key.pem -o ProxyCommand='ssh -W %h:%p -q ubuntu@18.191.38.131' ubuntu@10.0.128.96"
        }
      },
      "type": [
        "object",
        {
          "bastion_host": [
            "object",
            {
              "command": "string",
              "public_ip": "string"
            }
          ],
          "private_instances": [
            "object",
            {
              "kafka": "string",
              "mongodb": "string",
              "processor": "string"
            }
          ]
        }
      ]
    },
    "instance_details": {
      "value": {
        "homeassistant": {
          "instance_id": "i-0819f5347ee7c8073",
          "private_ip": "10.0.0.208",
          "public_ip": "18.191.38.131"
        },
        "kafka": {
          "instance_id": "i-032fb2b179123da22",
          "private_ip": "10.0.128.88"
        },
        "mongodb": {
          "instance_id": "i-090a36904ef53f75e",
          "private_ip": "10.0.128.150"
        },
        "processor": {
          "instance_id": "i-01f8e4697a147a7a4",
          "private_ip": "10.0.128.96"
        }
      },
      "type": [
        "object",
        {
          "homeassistant": [
            "object",
            {
              "instance_id": "string",
              "private_ip": "string",
              "public_ip": "string"
            }
          ],
          "kafka": [
            "object",
            {
              "instance_id": "string",
              "private_ip": "string"
            }
          ],
          "mongodb": [
            "object",
            {
              "instance_id": "string",
              "private_ip": "string"
            }
          ],
          "processor": [
            "object",
            {
              "instance_id": "string",
              "private_ip": "string"
            }
          ]
        }
      ]
    },
    "private_subnet_id": {
      "value": "subnet-00029ec224a93c91d",
      "type": "string"
    },
    "public_subnet_id": {
      "value": "subnet-001842073f094133d",
      "type": "string"
    },
    "secrets_info": {
      "value": {
        "mongodb_connection_template": "mongodb://plant_monitor:**SECRET**@{MONGODB_HOST}:27017/plant_monitoring",
        "password_strength": {
          "ha_password_length": 16,
          "mongodb_password_length": 32
        },
        "secret_names": {
          "application_config": "plant-monitoring-dev/application/config",
          "homeassistant_credentials": "plant-monitoring-dev/homeassistant/credentials",
          "mongodb_credentials": "plant-monitoring-dev/mongodb/credentials"
        }
      },
      "type": [
        "object",
        {
          "mongodb_connection_template": "string",
          "password_strength": [
            "object",
            {
              "ha_password_length": "number",
              "mongodb_password_length": "number"
            }
          ],
          "secret_names": [
            "object",
            {
              "application_config": "string",
              "homeassistant_credentials": "string",
              "mongodb_credentials": "string"
            }
          ]
        }
      ],
      "sensitive": true
    },
    "security_group_ids": {
      "value": {
        "homeassistant": "sg-0cdb63f9c19101731",
        "kafka": "sg-05506893919644fbb",
        "mongodb": "sg-0c9a64f55e66604e1",
        "processor": "sg-09b1ff2ccf4488f97"
      },
      "type": [
        "object",
        {
          "homeassistant": "string",
          "kafka": "string",
          "mongodb": "string",
          "processor": "string"
        }
      ]
    },
    "vpc_id": {
      "value": "vpc-0571f9cfea1d48079",
      "type": "string"
    }
  },
  "resources": [
    {
      "module": "module.compute",
      "mode": "managed",
      "type": "aws_eip",
      "name": "homeassistant",
      "provider": "provider[\"registry.terraform.io/hashicorp/aws\"]",
      "instances": [
        {
          "schema_version": 0,
          "attributes": {
            "address": null,
            "allocation_id": "eipalloc-07ffc2da7ef5972c0",
            "arn": "arn:aws:ec2:us-east-2:442042542151:elastic-ip/eipalloc-07ffc2da7ef5972c0",
            "associate_with_private_ip": null,
            "association_id": "eipassoc-04621aa39f95b6300",
            "carrier_ip": "",
            "customer_owned_ip": "",
            "customer_owned_ipv4_pool": "",
            "domain": "vpc",
            "id": "eipalloc-07ffc2da7ef5972c0",
            "instance": "i-0819f5347ee7c8073",
            "ipam_pool_id": null,
            "network_border_group": "us-east-2",
            "network_interface": "eni-0780a83a38274ae85",
            "private_dns": "ip-10-0-0-208.us-east-2.compute.internal",
            "private_ip": "10.0.0.208",
            "ptr_record": "",
            "public_dns": "ec2-18-191-38-131.us-east-2.compute.amazonaws.com",
            "public_ip": "18.191.38.131",
            "public_ipv4_pool": "amazon",
            "tags": {
              "Environment": "dev",
              "ManagedBy": "terraform",
              "Name": "plant-monitoring-ha-eip",
              "Project": "plant-monitoring"
            },
            "tags_all": {
              "Environment": "dev",
              "ManagedBy": "terraform",
              "Name": "plant-monitoring-ha-eip",
              "Project": "plant-monitoring"
            },
            "timeouts": null,
            "vpc": true
          },
          "sensitive_attributes": [],
          "identity_schema_version": 0,
          "private": "eyJlMmJmYjczMC1lY2FhLTExZTYtOGY4OC0zNDM2M2JjN2M0YzAiOnsiZGVsZXRlIjoxODAwMDAwMDAwMDAsInJlYWQiOjkwMDAwMDAwMDAwMCwidXBkYXRlIjozMDAwMDAwMDAwMDB9fQ==",
          "dependencies": [
            "module.compute.aws_instance.homeassistant",
            "module.networking.aws_subnet.public",
            "module.networking.aws_vpc.main",
            "module.security.aws_security_group.homeassistant"
          ]
        }
      ]
    },
    {
      "module": "module.compute",
      "mode": "managed",
      "type": "aws_instance",
      "name": "homeassistant",
      "provider": "provider[\"registry.terraform.io/hashicorp/aws\"]",
      "instances": [
        {
          "schema_version": 1,
          "attributes": {
            "ami": "ami-0cfde0ea8edd312d4",
            "arn": "arn:aws:ec2:us-east-2:442042542151:instance/i-0819f5347ee7c8073",
            "associate_public_ip_address": true,
            "availability_zone": "us-east-2a",
            "capacity_reservation_specification": [
              {
                "capacity_reservation_preference": "open",
                "capacity_reservation_target": []
              }
            ],
            "cpu_core_count": 1,
            "cpu_options": [
              {
                "amd_sev_snp": "",
                "core_count": 1,
                "threads_per_core": 1
              }
            ],
            "cpu_threads_per_core": 1,
            "credit_specification": [
              {
                "cpu_credits": "standard"
              }
            ],
            "disable_api_stop": false,
            "disable_api_termination": false,
            "ebs_block_device": [],
            "ebs_optimized": false,
            "enable_primary_ipv6": null,
            "enclave_options": [
              {
                "enabled": false
              }
            ],
            "ephemeral_block_device": [],
            "get_password_data": false,
            "hibernation": false,
            "host_id": "",
            "host_resource_group_arn": null,
            "iam_instance_profile": "",
            "id": "i-0819f5347ee7c8073",
            "instance_initiated_shutdown_behavior": "stop",
            "instance_lifecycle": "",
            "instance_market_options": [],
            "instance_state": "running",
            "instance_type": "t2.micro",
            "ipv6_address_count": 0,
            "ipv6_addresses": [],
            "key_name": "plant-monitoring-key",
            "launch_template": [],
            "maintenance_options": [
              {
                "auto_recovery": "default"
              }
            ],
            "metadata_options": [
              {
                "http_endpoint": "enabled",
                "http_protocol_ipv6": "disabled",
                "http_put_response_hop_limit": 2,
                "http_tokens": "required",
                "instance_metadata_tags": "disabled"
              }
            ],
            "monitoring": false,
            "network_interface": [],
            "outpost_arn": "",
            "password_data": "",
            "placement_group": "",
            "placement_partition_number": 0,
            "primary_network_interface_id": "eni-0780a83a38274ae85",
            "private_dns": "ip-10-0-0-208.us-east-2.compute.internal",
            "private_dns_name_options": [
              {
                "enable_resource_name_dns_a_record": false,
                "enable_resource_name_dns_aaaa_record": false,
                "hostname_type": "ip-name"
              }
            ],
            "private_ip": "10.0.0.208",
            "public_dns": "ec2-18-191-38-131.us-east-2.compute.amazonaws.com",
            "public_ip": "18.191.38.131",
            "root_block_device": [
              {
                "delete_on_termination": true,
                "device_name": "/dev/sda1",
                "encrypted": false,
                "iops": 3000,
                "kms_key_id": "",
                "tags": {},
                "tags_all": {},
                "throughput": 125,
                "volume_id": "vol-0b33d0c9a9598fdbf",
                "volume_size": 8,
                "volume_type": "gp3"
              }
            ],
            "secondary_private_ips": [],
            "security_groups": [],
            "source_dest_check": true,
            "spot_instance_request_id": "",
            "subnet_id": "subnet-001842073f094133d",
            "tags": {
              "Environment": "dev",
              "ManagedBy": "terraform",
              "Name": "VM-4-HomeAssistant",
              "Project": "plant-monitoring",
              "Role": "homeassistant"
            },
            "tags_all": {
              "Environment": "dev",
              "ManagedBy": "terraform",
              "Name": "VM-4-HomeAssistant",
              "Project": "plant-monitoring",
              "Role": "homeassistant"
            },
            "tenancy": "default",
            "timeouts": null,
            "user_data": null,
            "user_data_base64": null,
            "user_data_replace_on_change": false,
            "volume_tags": null,
            "vpc_security_group_ids": [
              "sg-0cdb63f9c19101731"
            ]
          },
          "sensitive_attributes": [],
          "identity_schema_version": 0,
          "private": "eyJlMmJmYjczMC1lY2FhLTExZTYtOGY4OC0zNDM2M2JjN2M0YzAiOnsiY3JlYXRlIjo2MDAwMDAwMDAwMDAsImRlbGV0ZSI6MTIwMDAwMDAwMDAwMCwicmVhZCI6OTAwMDAwMDAwMDAwLCJ1cGRhdGUiOjYwMDAwMDAwMDAwMH0sInNjaGVtYV92ZXJzaW9uIjoiMSJ9",
          "dependencies": [
            "module.networking.aws_subnet.public",
            "module.networking.aws_vpc.main",
            "module.security.aws_security_group.homeassistant"
          ]
        }
      ]
    },
    {
      "module": "module.compute",
      "mode": "managed",
      "type": "aws_instance",
      "name": "kafka",
      "provider": "provider[\"registry.terraform.io/hashicorp/aws\"]",
      "instances": [
        {
          "schema_version": 1,
          "attributes": {
            "ami": "ami-0cfde0ea8edd312d4",
            "arn": "arn:aws:ec2:us-east-2:442042542151:instance/i-032fb2b179123da22",
            "associate_public_ip_address": false,
            "availability_zone": "us-east-2a",
            "capacity_reservation_specification": [
              {
                "capacity_reservation_preference": "open",
                "capacity_reservation_target": []
              }
            ],
            "cpu_core_count": 1,
            "cpu_options": [
              {
                "amd_sev_snp": "",
                "core_count": 1,
                "threads_per_core": 1
              }
            ],
            "cpu_threads_per_core": 1,
            "credit_specification": [
              {
                "cpu_credits": "standard"
              }
            ],
            "disable_api_stop": false,
            "disable_api_termination": false,
            "ebs_block_device": [],
            "ebs_optimized": false,
            "enable_primary_ipv6": null,
            "enclave_options": [
              {
                "enabled": false
              }
            ],
            "ephemeral_block_device": [],
            "get_password_data": false,
            "hibernation": false,
            "host_id": "",
            "host_resource_group_arn": null,
            "iam_instance_profile": "",
            "id": "i-032fb2b179123da22",
            "instance_initiated_shutdown_behavior": "stop",
            "instance_lifecycle": "",
            "instance_market_options": [],
            "instance_state": "running",
            "instance_type": "t2.micro",
            "ipv6_address_count": 0,
            "ipv6_addresses": [],
            "key_name": "plant-monitoring-key",
            "launch_template": [],
            "maintenance_options": [
              {
                "auto_recovery": "default"
              }
            ],
            "metadata_options": [
              {
                "http_endpoint": "enabled",
                "http_protocol_ipv6": "disabled",
                "http_put_response_hop_limit": 2,
                "http_tokens": "required",
                "instance_metadata_tags": "disabled"
              }
            ],
            "monitoring": false,
            "network_interface": [],
            "outpost_arn": "",
            "password_data": "",
            "placement_group": "",
            "placement_partition_number": 0,
            "primary_network_interface_id": "eni-0fa5bf5fb712fa8cf",
            "private_dns": "ip-10-0-128-88.us-east-2.compute.internal",
            "private_dns_name_options": [
              {
                "enable_resource_name_dns_a_record": false,
                "enable_resource_name_dns_aaaa_record": false,
                "hostname_type": "ip-name"
              }
            ],
            "private_ip": "10.0.128.88",
            "public_dns": "",
            "public_ip": "",
            "root_block_device": [
              {
                "delete_on_termination": true,
                "device_name": "/dev/sda1",
                "encrypted": false,
                "iops": 3000,
                "kms_key_id": "",
                "tags": {},
                "tags_all": {},
                "throughput": 125,
                "volume_id": "vol-0c4a4833ca2c588d1",
                "volume_size": 8,
                "volume_type": "gp3"
              }
            ],
            "secondary_private_ips": [],
            "security_groups": [],
            "source_dest_check": true,
            "spot_instance_request_id": "",
            "subnet_id": "subnet-00029ec224a93c91d",
            "tags": {
              "Environment": "dev",
              "ManagedBy": "terraform",
              "Name": "VM-1-Kafka",
              "Project": "plant-monitoring",
              "Role": "kafka"
            },
            "tags_all": {
              "Environment": "dev",
              "ManagedBy": "terraform",
              "Name": "VM-1-Kafka",
              "Project": "plant-monitoring",
              "Role": "kafka"
            },
            "tenancy": "default",
            "timeouts": null,
            "user_data": null,
            "user_data_base64": null,
            "user_data_replace_on_change": false,
            "volume_tags": null,
            "vpc_security_group_ids": [
              "sg-05506893919644fbb"
            ]
          },
          "sensitive_attributes": [],
          "identity_schema_version": 0,
          "private": "eyJlMmJmYjczMC1lY2FhLTExZTYtOGY4OC0zNDM2M2JjN2M0YzAiOnsiY3JlYXRlIjo2MDAwMDAwMDAwMDAsImRlbGV0ZSI6MTIwMDAwMDAwMDAwMCwicmVhZCI6OTAwMDAwMDAwMDAwLCJ1cGRhdGUiOjYwMDAwMDAwMDAwMH0sInNjaGVtYV92ZXJzaW9uIjoiMSJ9",
          "dependencies": [
            "module.networking.aws_subnet.private",
            "module.networking.aws_vpc.main",
            "module.security.aws_security_group.kafka"
          ]
        }
      ]
    },
    {
      "module": "module.compute",
      "mode": "managed",
      "type": "aws_instance",
      "name": "mongodb",
      "provider": "provider[\"registry.terraform.io/hashicorp/aws\"]",
      "instances": [
        {
          "schema_version": 1,
          "attributes": {
            "ami": "ami-0cfde0ea8edd312d4",
            "arn": "arn:aws:ec2:us-east-2:442042542151:instance/i-090a36904ef53f75e",
            "associate_public_ip_address": false,
            "availability_zone": "us-east-2a",
            "capacity_reservation_specification": [
              {
                "capacity_reservation_preference": "open",
                "capacity_reservation_target": []
              }
            ],
            "cpu_core_count": 1,
            "cpu_options": [
              {
                "amd_sev_snp": "",
                "core_count": 1,
                "threads_per_core": 1
              }
            ],
            "cpu_threads_per_core": 1,
            "credit_specification": [
              {
                "cpu_credits": "standard"
              }
            ],
            "disable_api_stop": false,
            "disable_api_termination": false,
            "ebs_block_device": [],
            "ebs_optimized": false,
            "enable_primary_ipv6": null,
            "enclave_options": [
              {
                "enabled": false
              }
            ],
            "ephemeral_block_device": [],
            "get_password_data": false,
            "hibernation": false,
            "host_id": "",
            "host_resource_group_arn": null,
            "iam_instance_profile": "",
            "id": "i-090a36904ef53f75e",
            "instance_initiated_shutdown_behavior": "stop",
            "instance_lifecycle": "",
            "instance_market_options": [],
            "instance_state": "running",
            "instance_type": "t2.micro",
            "ipv6_address_count": 0,
            "ipv6_addresses": [],
            "key_name": "plant-monitoring-key",
            "launch_template": [],
            "maintenance_options": [
              {
                "auto_recovery": "default"
              }
            ],
            "metadata_options": [
              {
                "http_endpoint": "enabled",
                "http_protocol_ipv6": "disabled",
                "http_put_response_hop_limit": 2,
                "http_tokens": "required",
                "instance_metadata_tags": "disabled"
              }
            ],
            "monitoring": false,
            "network_interface": [],
            "outpost_arn": "",
            "password_data": "",
            "placement_group": "",
            "placement_partition_number": 0,
            "primary_network_interface_id": "eni-0b48978024c377327",
            "private_dns": "ip-10-0-128-150.us-east-2.compute.internal",
            "private_dns_name_options": [
              {
                "enable_resource_name_dns_a_record": false,
                "enable_resource_name_dns_aaaa_record": false,
                "hostname_type": "ip-name"
              }
            ],
            "private_ip": "10.0.128.150",
            "public_dns": "",
            "public_ip": "",
            "root_block_device": [
              {
                "delete_on_termination": true,
                "device_name": "/dev/sda1",
                "encrypted": false,
                "iops": 3000,
                "kms_key_id": "",
                "tags": {},
                "tags_all": {},
                "throughput": 125,
                "volume_id": "vol-0cd59768b7021f1a0",
                "volume_size": 8,
                "volume_type": "gp3"
              }
            ],
            "secondary_private_ips": [],
            "security_groups": [],
            "source_dest_check": true,
            "spot_instance_request_id": "",
            "subnet_id": "subnet-00029ec224a93c91d",
            "tags": {
              "Environment": "dev",
              "ManagedBy": "terraform",
              "Name": "VM-2-MongoDB",
              "Project": "plant-monitoring",
              "Role": "mongodb"
            },
            "tags_all": {
              "Environment": "dev",
              "ManagedBy": "terraform",
              "Name": "VM-2-MongoDB",
              "Project": "plant-monitoring",
              "Role": "mongodb"
            },
            "tenancy": "default",
            "timeouts": null,
            "user_data": null,
            "user_data_base64": null,
            "user_data_replace_on_change": false,
            "volume_tags": null,
            "vpc_security_group_ids": [
              "sg-0c9a64f55e66604e1"
            ]
          },
          "sensitive_attributes": [],
          "identity_schema_version": 0,
          "private": "eyJlMmJmYjczMC1lY2FhLTExZTYtOGY4OC0zNDM2M2JjN2M0YzAiOnsiY3JlYXRlIjo2MDAwMDAwMDAwMDAsImRlbGV0ZSI6MTIwMDAwMDAwMDAwMCwicmVhZCI6OTAwMDAwMDAwMDAwLCJ1cGRhdGUiOjYwMDAwMDAwMDAwMH0sInNjaGVtYV92ZXJzaW9uIjoiMSJ9",
          "dependencies": [
            "module.networking.aws_subnet.private",
            "module.networking.aws_vpc.main",
            "module.security.aws_security_group.mongodb"
          ]
        }
      ]
    },
    {
      "module": "module.compute",
      "mode": "managed",
      "type": "aws_instance",
      "name": "processor",
      "provider": "provider[\"registry.terraform.io/hashicorp/aws\"]",
      "instances": [
        {
          "schema_version": 1,
          "attributes": {
            "ami": "ami-0cfde0ea8edd312d4",
            "arn": "arn:aws:ec2:us-east-2:442042542151:instance/i-01f8e4697a147a7a4",
            "associate_public_ip_address": false,
            "availability_zone": "us-east-2a",
            "capacity_reservation_specification": [
              {
                "capacity_reservation_preference": "open",
                "capacity_reservation_target": []
              }
            ],
            "cpu_core_count": 1,
            "cpu_options": [
              {
                "amd_sev_snp": "",
                "core_count": 1,
                "threads_per_core": 1
              }
            ],
            "cpu_threads_per_core": 1,
            "credit_specification": [
              {
                "cpu_credits": "standard"
              }
            ],
            "disable_api_stop": false,
            "disable_api_termination": false,
            "ebs_block_device": [],
            "ebs_optimized": false,
            "enable_primary_ipv6": null,
            "enclave_options": [
              {
                "enabled": false
              }
            ],
            "ephemeral_block_device": [],
            "get_password_data": false,
            "hibernation": false,
            "host_id": "",
            "host_resource_group_arn": null,
            "iam_instance_profile": "",
            "id": "i-01f8e4697a147a7a4",
            "instance_initiated_shutdown_behavior": "stop",
            "instance_lifecycle": "",
            "instance_market_options": [],
            "instance_state": "running",
            "instance_type": "t2.micro",
            "ipv6_address_count": 0,
            "ipv6_addresses": [],
            "key_name": "plant-monitoring-key",
            "launch_template": [],
            "maintenance_options": [
              {
                "auto_recovery": "default"
              }
            ],
            "metadata_options": [
              {
                "http_endpoint": "enabled",
                "http_protocol_ipv6": "disabled",
                "http_put_response_hop_limit": 2,
                "http_tokens": "required",
                "instance_metadata_tags": "disabled"
              }
            ],
            "monitoring": false,
            "network_interface": [],
            "outpost_arn": "",
            "password_data": "",
            "placement_group": "",
            "placement_partition_number": 0,
            "primary_network_interface_id": "eni-0ecd49e08efedceb6",
            "private_dns": "ip-10-0-128-96.us-east-2.compute.internal",
            "private_dns_name_options": [
              {
                "enable_resource_name_dns_a_record": false,
                "enable_resource_name_dns_aaaa_record": false,
                "hostname_type": "ip-name"
              }
            ],
            "private_ip": "10.0.128.96",
            "public_dns": "",
            "public_ip": "",
            "root_block_device": [
              {
                "delete_on_termination": true,
                "device_name": "/dev/sda1",
                "encrypted": false,
                "iops": 3000,
                "kms_key_id": "",
                "tags": {},
                "tags_all": {},
                "throughput": 125,
                "volume_id": "vol-04452f91ee6844abd",
                "volume_size": 8,
                "volume_type": "gp3"
              }
            ],
            "secondary_private_ips": [],
            "security_groups": [],
            "source_dest_check": true,
            "spot_instance_request_id": "",
            "subnet_id": "subnet-00029ec224a93c91d",
            "tags": {
              "Environment": "dev",
              "ManagedBy": "terraform",
              "Name": "VM-3-Processor",
              "Project": "plant-monitoring",
              "Role": "processor"
            },
            "tags_all": {
              "Environment": "dev",
              "ManagedBy": "terraform",
              "Name": "VM-3-Processor",
              "Project": "plant-monitoring",
              "Role": "processor"
            },
            "tenancy": "default",
            "timeouts": null,
            "user_data": null,
            "user_data_base64": null,
            "user_data_replace_on_change": false,
            "volume_tags": null,
            "vpc_security_group_ids": [
              "sg-09b1ff2ccf4488f97"
            ]
          },
          "sensitive_attributes": [],
          "identity_schema_version": 0,
          "private": "eyJlMmJmYjczMC1lY2FhLTExZTYtOGY4OC0zNDM2M2JjN2M0YzAiOnsiY3JlYXRlIjo2MDAwMDAwMDAwMDAsImRlbGV0ZSI6MTIwMDAwMDAwMDAwMCwicmVhZCI6OTAwMDAwMDAwMDAwLCJ1cGRhdGUiOjYwMDAwMDAwMDAwMH0sInNjaGVtYV92ZXJzaW9uIjoiMSJ9",
          "dependencies": [
            "module.networking.aws_subnet.private",
            "module.networking.aws_vpc.main",
            "module.security.aws_security_group.processor"
          ]
        }
      ]
    },
    {
      "module": "module.networking",
      "mode": "managed",
      "type": "aws_eip",
      "name": "nat",
      "provider": "provider[\"registry.terraform.io/hashicorp/aws\"]",
      "instances": [
        {
          "schema_version": 0,
          "attributes": {
            "address": null,
            "allocation_id": "eipalloc-0aa49a54460fb9853",
            "arn": "arn:aws:ec2:us-east-2:442042542151:elastic-ip/eipalloc-0aa49a54460fb9853",
            "associate_with_private_ip": null,
            "association_id": "eipassoc-0641a45f0b3ebab67",
            "carrier_ip": "",
            "customer_owned_ip": "",
            "customer_owned_ipv4_pool": "",
            "domain": "vpc",
            "id": "eipalloc-0aa49a54460fb9853",
            "instance": "",
            "ipam_pool_id": null,
            "network_border_group": "us-east-2",
            "network_interface": "eni-0d5521bf951ee3ec0",
            "private_dns": "ip-10-0-0-26.us-east-2.compute.internal",
            "private_ip": "10.0.0.26",
            "ptr_record": "",
            "public_dns": "ec2-18-221-244-169.us-east-2.compute.amazonaws.com",
            "public_ip": "18.221.244.169",
            "public_ipv4_pool": "amazon",
            "tags": {
              "Environment": "dev",
              "ManagedBy": "terraform",
              "Name": "plant-monitoring-nat-eip",
              "Project": "plant-monitoring"
            },
            "tags_all": {
              "Environment": "dev",
              "ManagedBy": "terraform",
              "Name": "plant-monitoring-nat-eip",
              "Project": "plant-monitoring"
            },
            "timeouts": null,
            "vpc": true
          },
          "sensitive_attributes": [],
          "identity_schema_version": 0,
          "private": "eyJlMmJmYjczMC1lY2FhLTExZTYtOGY4OC0zNDM2M2JjN2M0YzAiOnsiZGVsZXRlIjoxODAwMDAwMDAwMDAsInJlYWQiOjkwMDAwMDAwMDAwMCwidXBkYXRlIjozMDAwMDAwMDAwMDB9fQ==",
          "dependencies": [
            "module.networking.aws_internet_gateway.main",
            "module.networking.aws_vpc.main"
          ]
        }
      ]
    },
    {
      "module": "module.networking",
      "mode": "managed",
      "type": "aws_internet_gateway",
      "name": "main",
      "provider": "provider[\"registry.terraform.io/hashicorp/aws\"]",
      "instances": [
        {
          "schema_version": 0,
          "attributes": {
            "arn": "arn:aws:ec2:us-east-2:442042542151:internet-gateway/igw-0b5bb9ae9f22312e3",
            "id": "igw-0b5bb9ae9f22312e3",
            "owner_id": "442042542151",
            "tags": {
              "Environment": "dev",
              "ManagedBy": "terraform",
              "Name": "plant-monitoring-igw",
              "Project": "plant-monitoring"
            },
            "tags_all": {
              "Environment": "dev",
              "ManagedBy": "terraform",
              "Name": "plant-monitoring-igw",
              "Project": "plant-monitoring"
            },
            "timeouts": null,
            "vpc_id": "vpc-0571f9cfea1d48079"
          },
          "sensitive_attributes": [],
          "identity_schema_version": 0,
          "private": "eyJlMmJmYjczMC1lY2FhLTExZTYtOGY4OC0zNDM2M2JjN2M0YzAiOnsiY3JlYXRlIjoxMjAwMDAwMDAwMDAwLCJkZWxldGUiOjEyMDAwMDAwMDAwMDAsInVwZGF0ZSI6MTIwMDAwMDAwMDAwMH19",
          "dependencies": [
            "module.networking.aws_vpc.main"
          ]
        }
      ]
    },
    {
      "module": "module.networking",
      "mode": "managed",
      "type": "aws_nat_gateway",
      "name": "main",
      "provider": "provider[\"registry.terraform.io/hashicorp/aws\"]",
      "instances": [
        {
          "schema_version": 0,
          "attributes": {
            "allocation_id": "eipalloc-0aa49a54460fb9853",
            "association_id": "eipassoc-0641a45f0b3ebab67",
            "connectivity_type": "public",
            "id": "nat-0f7087b466c9f82bc",
            "network_interface_id": "eni-0d5521bf951ee3ec0",
            "private_ip": "10.0.0.26",
            "public_ip": "18.221.244.169",
            "secondary_allocation_ids": [],
            "secondary_private_ip_address_count": 0,
            "secondary_private_ip_addresses": [],
            "subnet_id": "subnet-001842073f094133d",
            "tags": {
              "Environment": "dev",
              "ManagedBy": "terraform",
              "Name": "plant-monitoring-nat-gw",
              "Project": "plant-monitoring"
            },
            "tags_all": {
              "Environment": "dev",
              "ManagedBy": "terraform",
              "Name": "plant-monitoring-nat-gw",
              "Project": "plant-monitoring"
            },
            "timeouts": null
          },
          "sensitive_attributes": [],
          "identity_schema_version": 0,
          "private": "eyJlMmJmYjczMC1lY2FhLTExZTYtOGY4OC0zNDM2M2JjN2M0YzAiOnsiY3JlYXRlIjo2MDAwMDAwMDAwMDAsImRlbGV0ZSI6MTgwMDAwMDAwMDAwMCwidXBkYXRlIjo2MDAwMDAwMDAwMDB9fQ==",
          "dependencies": [
            "module.networking.aws_eip.nat",
            "module.networking.aws_internet_gateway.main",
            "module.networking.aws_subnet.public",
            "module.networking.aws_vpc.main"
          ]
        }
      ]
    },
    {
      "module": "module.networking",
      "mode": "managed",
      "type": "aws_route_table",
      "name": "private",
      "provider": "provider[\"registry.terraform.io/hashicorp/aws\"]",
      "instances": [
        {
          "schema_version": 0,
          "attributes": {
            "arn": "arn:aws:ec2:us-east-2:442042542151:route-table/rtb-0e311feeff84027eb",
            "id": "rtb-0e311feeff84027eb",
            "owner_id": "442042542151",
            "propagating_vgws": [],
            "route": [
              {
                "carrier_gateway_id": "",
                "cidr_block": "0.0.0.0/0",
                "core_network_arn": "",
                "destination_prefix_list_id": "",
                "egress_only_gateway_id": "",
                "gateway_id": "",
                "ipv6_cidr_block": "",
                "local_gateway_id": "",
                "nat_gateway_id": "nat-0f7087b466c9f82bc",
                "network_interface_id": "",
                "transit_gateway_id": "",
                "vpc_endpoint_id": "",
                "vpc_peering_connection_id": ""
              }
            ],
            "tags": {
              "Environment": "dev",
              "ManagedBy": "terraform",
              "Name": "plant-monitoring-private-rt",
              "Project": "plant-monitoring"
            },
            "tags_all": {
              "Environment": "dev",
              "ManagedBy": "terraform",
              "Name": "plant-monitoring-private-rt",
              "Project": "plant-monitoring"
            },
            "timeouts": null,
            "vpc_id": "vpc-0571f9cfea1d48079"
          },
          "sensitive_attributes": [],
          "identity_schema_version": 0,
          "private": "eyJlMmJmYjczMC1lY2FhLTExZTYtOGY4OC0zNDM2M2JjN2M0YzAiOnsiY3JlYXRlIjozMDAwMDAwMDAwMDAsImRlbGV0ZSI6MzAwMDAwMDAwMDAwLCJ1cGRhdGUiOjEyMDAwMDAwMDAwMH19",
          "dependencies": [
            "module.networking.aws_eip.nat",
            "module.networking.aws_internet_gateway.main",
            "module.networking.aws_nat_gateway.main",
            "module.networking.aws_subnet.public",
            "module.networking.aws_vpc.main"
          ]
        }
      ]
    },
    {
      "module": "module.networking",
      "mode": "managed",
      "type": "aws_route_table",
      "name": "public",
      "provider": "provider[\"registry.terraform.io/hashicorp/aws\"]",
      "instances": [
        {
          "schema_version": 0,
          "attributes": {
            "arn": "arn:aws:ec2:us-east-2:442042542151:route-table/rtb-0827b7ced9d9da69c",
            "id": "rtb-0827b7ced9d9da69c",
            "owner_id": "442042542151",
            "propagating_vgws": [],
            "route": [
              {
                "carrier_gateway_id": "",
                "cidr_block": "0.0.0.0/0",
                "core_network_arn": "",
                "destination_prefix_list_id": "",
                "egress_only_gateway_id": "",
                "gateway_id": "igw-0b5bb9ae9f22312e3",
                "ipv6_cidr_block": "",
                "local_gateway_id": "",
                "nat_gateway_id": "",
                "network_interface_id": "",
                "transit_gateway_id": "",
                "vpc_endpoint_id": "",
                "vpc_peering_connection_id": ""
              }
            ],
            "tags": {
              "Environment": "dev",
              "ManagedBy": "terraform",
              "Name": "plant-monitoring-public-rt",
              "Project": "plant-monitoring"
            },
            "tags_all": {
              "Environment": "dev",
              "ManagedBy": "terraform",
              "Name": "plant-monitoring-public-rt",
              "Project": "plant-monitoring"
            },
            "timeouts": null,
            "vpc_id": "vpc-0571f9cfea1d48079"
          },
          "sensitive_attributes": [],
          "identity_schema_version": 0,
          "private": "eyJlMmJmYjczMC1lY2FhLTExZTYtOGY4OC0zNDM2M2JjN2M0YzAiOnsiY3JlYXRlIjozMDAwMDAwMDAwMDAsImRlbGV0ZSI6MzAwMDAwMDAwMDAwLCJ1cGRhdGUiOjEyMDAwMDAwMDAwMH19",
          "dependencies": [
            "module.networking.aws_internet_gateway.main",
            "module.networking.aws_vpc.main"
          ]
        }
      ]
    },
    {
      "module": "module.networking",
      "mode": "managed",
      "type": "aws_route_table_association",
      "name": "private",
      "provider": "provider[\"registry.terraform.io/hashicorp/aws\"]",
      "instances": [
        {
          "schema_version": 0,
          "attributes": {
            "gateway_id": "",
            "id": "rtbassoc-01b19b5789492d200",
            "route_table_id": "rtb-0e311feeff84027eb",
            "subnet_id": "subnet-00029ec224a93c91d",
            "timeouts": null
          },
          "sensitive_attributes": [],
          "identity_schema_version": 0,
          "private": "eyJlMmJmYjczMC1lY2FhLTExZTYtOGY4OC0zNDM2M2JjN2M0YzAiOnsiY3JlYXRlIjozMDAwMDAwMDAwMDAsImRlbGV0ZSI6MzAwMDAwMDAwMDAwLCJ1cGRhdGUiOjEyMDAwMDAwMDAwMH19",
          "dependencies": [
            "module.networking.aws_eip.nat",
            "module.networking.aws_internet_gateway.main",
            "module.networking.aws_nat_gateway.main",
            "module.networking.aws_route_table.private",
            "module.networking.aws_subnet.private",
            "module.networking.aws_subnet.public",
            "module.networking.aws_vpc.main"
          ]
        }
      ]
    },
    {
      "module": "module.networking",
      "mode": "managed",
      "type": "aws_route_table_association",
      "name": "public",
      "provider": "provider[\"registry.terraform.io/hashicorp/aws\"]",
      "instances": [
        {
          "schema_version": 0,
          "attributes": {
            "gateway_id": "",
            "id": "rtbassoc-0577e72d8082b8fed",
            "route_table_id": "rtb-0827b7ced9d9da69c",
            "subnet_id": "subnet-001842073f094133d",
            "timeouts": null
          },
          "sensitive_attributes": [],
          "identity_schema_version": 0,
          "private": "eyJlMmJmYjczMC1lY2FhLTExZTYtOGY4OC0zNDM2M2JjN2M0YzAiOnsiY3JlYXRlIjozMDAwMDAwMDAwMDAsImRlbGV0ZSI6MzAwMDAwMDAwMDAwLCJ1cGRhdGUiOjEyMDAwMDAwMDAwMH19",
          "dependencies": [
            "module.networking.aws_internet_gateway.main",
            "module.networking.aws_route_table.public",
            "module.networking.aws_subnet.public",
            "module.networking.aws_vpc.main"
          ]
        }
      ]
    },
    {
      "module": "module.networking",
      "mode": "managed",
      "type": "aws_subnet",
      "name": "private",
      "provider": "provider[\"registry.terraform.io/hashicorp/aws\"]",
      "instances": [
        {
          "schema_version": 1,
          "attributes": {
            "arn": "arn:aws:ec2:us-east-2:442042542151:subnet/subnet-00029ec224a93c91d",
            "assign_ipv6_address_on_creation": false,
            "availability_zone": "us-east-2a",
            "availability_zone_id": "use2-az1",
            "cidr_block": "10.0.128.0/24",
            "customer_owned_ipv4_pool": "",
            "enable_dns64": false,
            "enable_lni_at_device_index": 0,
            "enable_resource_name_dns_a_record_on_launch": false,
            "enable_resource_name_dns_aaaa_record_on_launch": false,
            "id": "subnet-00029ec224a93c91d",
            "ipv6_cidr_block": "",
            "ipv6_cidr_block_association_id": "",
            "ipv6_native": false,
            "map_customer_owned_ip_on_launch": false,
            "map_public_ip_on_launch": false,
            "outpost_arn": "",
            "owner_id": "442042542151",
            "private_dns_hostname_type_on_launch": "ip-name",
            "tags": {
              "Environment": "dev",
              "ManagedBy": "terraform",
              "Name": "plant-monitoring-private-subnet",
              "Project": "plant-monitoring",
              "Type": "Private"
            },
            "tags_all": {
              "Environment": "dev",
              "ManagedBy": "terraform",
              "Name": "plant-monitoring-private-subnet",
              "Project": "plant-monitoring",
              "Type": "Private"
            },
            "timeouts": null,
            "vpc_id": "vpc-0571f9cfea1d48079"
          },
          "sensitive_attributes": [],
          "identity_schema_version": 0,
          "private": "eyJlMmJmYjczMC1lY2FhLTExZTYtOGY4OC0zNDM2M2JjN2M0YzAiOnsiY3JlYXRlIjo2MDAwMDAwMDAwMDAsImRlbGV0ZSI6MTIwMDAwMDAwMDAwMH0sInNjaGVtYV92ZXJzaW9uIjoiMSJ9",
          "dependencies": [
            "module.networking.aws_vpc.main"
          ]
        }
      ]
    },
    {
      "module": "module.networking",
      "mode": "managed",
      "type": "aws_subnet",
      "name": "public",
      "provider": "provider[\"registry.terraform.io/hashicorp/aws\"]",
      "instances": [
        {
          "schema_version": 1,
          "attributes": {
            "arn": "arn:aws:ec2:us-east-2:442042542151:subnet/subnet-001842073f094133d",
            "assign_ipv6_address_on_creation": false,
            "availability_zone": "us-east-2a",
            "availability_zone_id": "use2-az1",
            "cidr_block": "10.0.0.0/24",
            "customer_owned_ipv4_pool": "",
            "enable_dns64": false,
            "enable_lni_at_device_index": 0,
            "enable_resource_name_dns_a_record_on_launch": false,
            "enable_resource_name_dns_aaaa_record_on_launch": false,
            "id": "subnet-001842073f094133d",
            "ipv6_cidr_block": "",
            "ipv6_cidr_block_association_id": "",
            "ipv6_native": false,
            "map_customer_owned_ip_on_launch": false,
            "map_public_ip_on_launch": true,
            "outpost_arn": "",
            "owner_id": "442042542151",
            "private_dns_hostname_type_on_launch": "ip-name",
            "tags": {
              "Environment": "dev",
              "ManagedBy": "terraform",
              "Name": "plant-monitoring-public-subnet",
              "Project": "plant-monitoring",
              "Type": "Public"
            },
            "tags_all": {
              "Environment": "dev",
              "ManagedBy": "terraform",
              "Name": "plant-monitoring-public-subnet",
              "Project": "plant-monitoring",
              "Type": "Public"
            },
            "timeouts": null,
            "vpc_id": "vpc-0571f9cfea1d48079"
          },
          "sensitive_attributes": [],
          "identity_schema_version": 0,
          "private": "eyJlMmJmYjczMC1lY2FhLTExZTYtOGY4OC0zNDM2M2JjN2M0YzAiOnsiY3JlYXRlIjo2MDAwMDAwMDAwMDAsImRlbGV0ZSI6MTIwMDAwMDAwMDAwMH0sInNjaGVtYV92ZXJzaW9uIjoiMSJ9",
          "dependencies": [
            "module.networking.aws_vpc.main"
          ]
        }
      ]
    },
    {
      "module": "module.networking",
      "mode": "managed",
      "type": "aws_vpc",
      "name": "main",
      "provider": "provider[\"registry.terraform.io/hashicorp/aws\"]",
      "instances": [
        {
          "schema_version": 1,
          "attributes": {
            "arn": "arn:aws:ec2:us-east-2:442042542151:vpc/vpc-0571f9cfea1d48079",
            "assign_generated_ipv6_cidr_block": false,
            "cidr_block": "10.0.0.0/16",
            "default_network_acl_id": "acl-027ae1b422d0f6770",
            "default_route_table_id": "rtb-0c50039af644e999d",
            "default_security_group_id": "sg-0bbdfd35150f3c728",
            "dhcp_options_id": "dopt-0ae08ec1673ff2919",
            "enable_dns_hostnames": true,
            "enable_dns_support": true,
            "enable_network_address_usage_metrics": false,
            "id": "vpc-0571f9cfea1d48079",
            "instance_tenancy": "default",
            "ipv4_ipam_pool_id": null,
            "ipv4_netmask_length": null,
            "ipv6_association_id": "",
            "ipv6_cidr_block": "",
            "ipv6_cidr_block_network_border_group": "",
            "ipv6_ipam_pool_id": "",
            "ipv6_netmask_length": 0,
            "main_route_table_id": "rtb-0c50039af644e999d",
            "owner_id": "442042542151",
            "tags": {
              "Environment": "dev",
              "ManagedBy": "terraform",
              "Name": "plant-monitoring-vpc",
              "Project": "plant-monitoring"
            },
            "tags_all": {
              "Environment": "dev",
              "ManagedBy": "terraform",
              "Name": "plant-monitoring-vpc",
              "Project": "plant-monitoring"
            }
          },
          "sensitive_attributes": [],
          "identity_schema_version": 0,
          "private": "eyJzY2hlbWFfdmVyc2lvbiI6IjEifQ=="
        }
      ]
    },
    {
      "module": "module.secrets",
      "mode": "managed",
      "type": "aws_secretsmanager_secret",
      "name": "application_config",
      "provider": "provider[\"registry.terraform.io/hashicorp/aws\"]",
      "instances": [
        {
          "schema_version": 0,
          "attributes": {
            "arn": "arn:aws:secretsmanager:us-east-2:442042542151:secret:plant-monitoring-dev/application/config-RRpiju",
            "description": "Application configuration and API keys",
            "force_overwrite_replica_secret": false,
            "id": "plant-monitoring-dev/application/config",
            "kms_key_id": "",
            "name": "plant-monitoring-dev/application/config",
            "name_prefix": "",
            "policy": "",
            "recovery_window_in_days": 7,
            "replica": [],
            "tags": {
              "Environment": "dev",
              "ManagedBy": "terraform",
              "Name": "plant-monitoring-application-config",
              "Project": "plant-monitoring",
              "SecretType": "application-config",
              "Service": "processor"
            },
            "tags_all": {
              "Environment": "dev",
              "ManagedBy": "terraform",
              "Name": "plant-monitoring-application-config",
              "Project": "plant-monitoring",
              "SecretType": "application-config",
              "Service": "processor"
            }
          },
          "sensitive_attributes": [],
          "identity_schema_version": 0,
          "private": "bnVsbA=="
        }
      ]
    },
    {
      "module": "module.secrets",
      "mode": "managed",
      "type": "aws_secretsmanager_secret",
      "name": "homeassistant_credentials",
      "provider": "provider[\"registry.terraform.io/hashicorp/aws\"]",
      "instances": [
        {
          "schema_version": 0,
          "attributes": {
            "arn": "arn:aws:secretsmanager:us-east-2:442042542151:secret:plant-monitoring-dev/homeassistant/credentials-3PmwQv",
            "description": "Home Assistant login credentials and MQTT settings",
            "force_overwrite_replica_secret": false,
            "id": "plant-monitoring-dev/homeassistant/credentials",
            "kms_key_id": "",
            "name": "plant-monitoring-dev/homeassistant/credentials",
            "name_prefix": "",
            "policy": "",
            "recovery_window_in_days": 7,
            "replica": [],
            "tags": {
              "Environment": "dev",
              "ManagedBy": "terraform",
              "Name": "plant-monitoring-homeassistant-credentials",
              "Project": "plant-monitoring",
              "SecretType": "application-credentials",
              "Service": "homeassistant"
            },
            "tags_all": {
              "Environment": "dev",
              "ManagedBy": "terraform",
              "Name": "plant-monitoring-homeassistant-credentials",
              "Project": "plant-monitoring",
              "SecretType": "application-credentials",
              "Service": "homeassistant"
            }
          },
          "sensitive_attributes": [],
          "identity_schema_version": 0,
          "private": "bnVsbA=="
        }
      ]
    },
    {
      "module": "module.secrets",
      "mode": "managed",
      "type": "aws_secretsmanager_secret",
      "name": "mongodb_credentials",
      "provider": "provider[\"registry.terraform.io/hashicorp/aws\"]",
      "instances": [
        {
          "schema_version": 0,
          "attributes": {
            "arn": "arn:aws:secretsmanager:us-east-2:442042542151:secret:plant-monitoring-dev/mongodb/credentials-RRpiju",
            "description": "MongoDB root and application user credentials for plant monitoring system",
            "force_overwrite_replica_secret": false,
            "id": "plant-monitoring-dev/mongodb/credentials",
            "kms_key_id": "",
            "name": "plant-monitoring-dev/mongodb/credentials",
            "name_prefix": "",
            "policy": "",
            "recovery_window_in_days": 7,
            "replica": [],
            "tags": {
              "Environment": "dev",
              "ManagedBy": "terraform",
              "Name": "plant-monitoring-mongodb-credentials",
              "Project": "plant-monitoring",
              "SecretType": "database-credentials",
              "Service": "mongodb"
            },
            "tags_all": {
              "Environment": "dev",
              "ManagedBy": "terraform",
              "Name": "plant-monitoring-mongodb-credentials",
              "Project": "plant-monitoring",
              "SecretType": "database-credentials",
              "Service": "mongodb"
            }
          },
          "sensitive_attributes": [],
          "identity_schema_version": 0,
          "private": "bnVsbA=="
        }
      ]
    },
    {
      "module": "module.secrets",
      "mode": "managed",
      "type": "aws_secretsmanager_secret_version",
      "name": "application_config",
      "provider": "provider[\"registry.terraform.io/hashicorp/aws\"]",
      "instances": [
        {
          "schema_version": 0,
          "attributes": {
            "arn": "arn:aws:secretsmanager:us-east-2:442042542151:secret:plant-monitoring-dev/application/config-RRpiju",
            "has_secret_string_wo": null,
            "id": "plant-monitoring-dev/application/config|terraform-20250922002259873800000003",
            "secret_binary": "",
            "secret_id": "plant-monitoring-dev/application/config",
            "secret_string": "{\"kafka_topics\":{\"plant_alerts\":\"plant-alerts\",\"plant_sensors\":\"plant-sensors\"},\"mqtt_config\":{\"discovery_prefix\":\"homeassistant\",\"state_topic_prefix\":\"plant_monitor\"},\"processor_config\":{\"alert_threshold_hours\":24,\"check_interval_seconds\":300}}",
            "secret_string_wo": null,
            "secret_string_wo_version": null,
            "version_id": "terraform-20250922002259873800000003",
            "version_stages": [
              "AWSCURRENT"
            ]
          },
          "sensitive_attributes": [
            [
              {
                "type": "get_attr",
                "value": "secret_binary"
              }
            ],
            [
              {
                "type": "get_attr",
                "value": "secret_string"
              }
            ],
            [
              {
                "type": "get_attr",
                "value": "secret_string_wo"
              }
            ]
          ],
          "identity_schema_version": 0,
          "private": "bnVsbA==",
          "dependencies": [
            "module.secrets.aws_secretsmanager_secret.application_config"
          ]
        }
      ]
    },
    {
      "module": "module.secrets",
      "mode": "managed",
      "type": "aws_secretsmanager_secret_version",
      "name": "homeassistant_credentials",
      "provider": "provider[\"registry.terraform.io/hashicorp/aws\"]",
      "instances": [
        {
          "schema_version": 0,
          "attributes": {
            "arn": "arn:aws:secretsmanager:us-east-2:442042542151:secret:plant-monitoring-dev/homeassistant/credentials-3PmwQv",
            "has_secret_string_wo": null,
            "id": "plant-monitoring-dev/homeassistant/credentials|terraform-20250922002259873600000002",
            "secret_binary": "",
            "secret_id": "plant-monitoring-dev/homeassistant/credentials",
            "secret_string": "{\"admin_password\":\"mouw7jC5wFprlYJx\",\"admin_username\":\"admin\",\"mqtt_password\":\"mouw7jC5wFprlYJx\",\"mqtt_username\":\"plant_monitor\"}",
            "secret_string_wo": null,
            "secret_string_wo_version": null,
            "version_id": "terraform-20250922002259873600000002",
            "version_stages": [
              "AWSCURRENT"
            ]
          },
          "sensitive_attributes": [
            [
              {
                "type": "get_attr",
                "value": "secret_binary"
              }
            ],
            [
              {
                "type": "get_attr",
                "value": "secret_string"
              }
            ],
            [
              {
                "type": "get_attr",
                "value": "secret_string_wo"
              }
            ]
          ],
          "identity_schema_version": 0,
          "private": "bnVsbA==",
          "dependencies": [
            "module.secrets.aws_secretsmanager_secret.homeassistant_credentials",
            "module.secrets.random_password.homeassistant_password"
          ]
        }
      ]
    },
    {
      "module": "module.secrets",
      "mode": "managed",
      "type": "aws_secretsmanager_secret_version",
      "name": "mongodb_credentials",
      "provider": "provider[\"registry.terraform.io/hashicorp/aws\"]",
      "instances": [
        {
          "schema_version": 0,
          "attributes": {
            "arn": "arn:aws:secretsmanager:us-east-2:442042542151:secret:plant-monitoring-dev/mongodb/credentials-RRpiju",
            "has_secret_string_wo": null,
            "id": "plant-monitoring-dev/mongodb/credentials|terraform-20250922002259860100000001",
            "secret_binary": "",
            "secret_id": "plant-monitoring-dev/mongodb/credentials",
            "secret_string": "{\"app_password\":\"XF@*3S:7gOikb3pjAUQ\\u003eq-e9Qej#oiUW\",\"app_username\":\"plant_monitor\",\"connection_string\":\"mongodb://plant_monitor:XF%40%2A3S%3A7gOikb3pjAUQ%3Eq-e9Qej%23oiUW@{MONGODB_HOST}:27017/plant_monitoring\",\"database_name\":\"plant_monitoring\",\"root_password\":\"Yc_K~=yoU\\u003e4PQ~8YXW\\u0026s:Bi(T+:b?DqH\",\"root_username\":\"admin\"}",
            "secret_string_wo": null,
            "secret_string_wo_version": null,
            "version_id": "terraform-20250922002259860100000001",
            "version_stages": [
              "AWSCURRENT"
            ]
          },
          "sensitive_attributes": [
            [
              {
                "type": "get_attr",
                "value": "secret_binary"
              }
            ],
            [
              {
                "type": "get_attr",
                "value": "secret_string"
              }
            ],
            [
              {
                "type": "get_attr",
                "value": "secret_string_wo"
              }
            ]
          ],
          "identity_schema_version": 0,
          "private": "bnVsbA==",
          "dependencies": [
            "module.secrets.aws_secretsmanager_secret.mongodb_credentials",
            "module.secrets.random_password.mongodb_app_password",
            "module.secrets.random_password.mongodb_root_password"
          ]
        }
      ]
    },
    {
      "module": "module.secrets",
      "mode": "managed",
      "type": "random_password",
      "name": "homeassistant_password",
      "provider": "provider[\"registry.terraform.io/hashicorp/random\"]",
      "instances": [
        {
          "schema_version": 3,
          "attributes": {
            "bcrypt_hash": "$2a$10$F9KYgY2.y7kfD8/EcFPlKu6XPjPZ7lZ380jwzBwJ6wJqmG2o39lt6",
            "id": "none",
            "keepers": null,
            "length": 16,
            "lower": true,
            "min_lower": 0,
            "min_numeric": 0,
            "min_special": 0,
            "min_upper": 0,
            "number": true,
            "numeric": true,
            "override_special": null,
            "result": "mouw7jC5wFprlYJx",
            "special": false,
            "upper": true
          },
          "sensitive_attributes": [
            [
              {
                "type": "get_attr",
                "value": "bcrypt_hash"
              }
            ],
            [
              {
                "type": "get_attr",
                "value": "result"
              }
            ]
          ],
          "identity_schema_version": 0
        }
      ]
    },
    {
      "module": "module.secrets",
      "mode": "managed",
      "type": "random_password",
      "name": "mongodb_app_password",
      "provider": "provider[\"registry.terraform.io/hashicorp/random\"]",
      "instances": [
        {
          "schema_version": 3,
          "attributes": {
            "bcrypt_hash": "$2a$10$E9J8Ga0sQ5lofqY0IEcVr.xoK1tZtK6b6INLehZ4JdPEFwheTGJu2",
            "id": "none",
            "keepers": null,
            "length": 32,
            "lower": true,
            "min_lower": 0,
            "min_numeric": 0,
            "min_special": 0,
            "min_upper": 0,
            "number": true,
            "numeric": true,
            "override_special": "!@#%^\u0026*()_+-={}|:\u003c\u003e?~",
            "result": "XF@*3S:7gOikb3pjAUQ\u003eq-e9Qej#oiUW",
            "special": true,
            "upper": true
          },
          "sensitive_attributes": [
            [
              {
                "type": "get_attr",
                "value": "bcrypt_hash"
              }
            ],
            [
              {
                "type": "get_attr",
                "value": "result"
              }
            ]
          ],
          "identity_schema_version": 0
        }
      ]
    },
    {
      "module": "module.secrets",
      "mode": "managed",
      "type": "random_password",
      "name": "mongodb_root_password",
      "provider": "provider[\"registry.terraform.io/hashicorp/random\"]",
      "instances": [
        {
          "schema_version": 3,
          "attributes": {
            "bcrypt_hash": "$2a$10$vOwYMzgFsAC9eEMchzWm/OHTbzDUiUXx.mIjYEzdeu0L6.vodP40K",
            "id": "none",
            "keepers": null,
            "length": 32,
            "lower": true,
            "min_lower": 0,
            "min_numeric": 0,
            "min_special": 0,
            "min_upper": 0,
            "number": true,
            "numeric": true,
            "override_special": "!@#%^\u0026*()_+-={}|:\u003c\u003e?~",
            "result": "Yc_K~=yoU\u003e4PQ~8YXW\u0026s:Bi(T+:b?DqH",
            "special": true,
            "upper": true
          },
          "sensitive_attributes": [
            [
              {
                "type": "get_attr",
                "value": "bcrypt_hash"
              }
            ],
            [
              {
                "type": "get_attr",
                "value": "result"
              }
            ]
          ],
          "identity_schema_version": 0
        }
      ]
    },
    {
      "module": "module.security",
      "mode": "managed",
      "type": "aws_security_group",
      "name": "homeassistant",
      "provider": "provider[\"registry.terraform.io/hashicorp/aws\"]",
      "instances": [
        {
          "schema_version": 1,
          "attributes": {
            "arn": "arn:aws:ec2:us-east-2:442042542151:security-group/sg-0cdb63f9c19101731",
            "description": "Home Assistant security group - VM-4 dashboard + MQTT broker + plant sensors (public access)",
            "egress": [
              {
                "cidr_blocks": [
                  "0.0.0.0/0"
                ],
                "description": "",
                "from_port": 0,
                "ipv6_cidr_blocks": [],
                "prefix_list_ids": [],
                "protocol": "-1",
                "security_groups": [],
                "self": false,
                "to_port": 0
              }
            ],
            "id": "sg-0cdb63f9c19101731",
            "ingress": [
              {
                "cidr_blocks": [
                  "0.0.0.0/0"
                ],
                "description": "Home Assistant dashboard public access for plant monitoring interface",
                "from_port": 8123,
                "ipv6_cidr_blocks": [],
                "prefix_list_ids": [],
                "protocol": "tcp",
                "security_groups": [],
                "self": false,
                "to_port": 8123
              },
              {
                "cidr_blocks": [
                  "0.0.0.0/0"
                ],
                "description": "MQTT broker public access for Home Assistant integration setup from browsers",
                "from_port": 1883,
                "ipv6_cidr_blocks": [],
                "prefix_list_ids": [],
                "protocol": "tcp",
                "security_groups": [],
                "self": false,
                "to_port": 1883
              },
              {
                "cidr_blocks": [
                  "0.0.0.0/0"
                ],
                "description": "SSH access for administrative tasks (also serves as bastion host for private subnet access)",
                "from_port": 22,
                "ipv6_cidr_blocks": [],
                "prefix_list_ids": [],
                "protocol": "tcp",
                "security_groups": [],
                "self": false,
                "to_port": 22
              },
              {
                "cidr_blocks": [],
                "description": "MQTT broker access from processor service for plant care alerts and sensor data",
                "from_port": 1883,
                "ipv6_cidr_blocks": [],
                "prefix_list_ids": [],
                "protocol": "tcp",
                "security_groups": [
                  "sg-09b1ff2ccf4488f97"
                ],
                "self": false,
                "to_port": 1883
              }
            ],
            "name": "SG-HomeAssistant",
            "name_prefix": "",
            "owner_id": "442042542151",
            "revoke_rules_on_delete": false,
            "tags": {
              "Environment": "dev",
              "ManagedBy": "terraform",
              "Name": "plant-monitoring-sg-homeassistant",
              "Project": "plant-monitoring"
            },
            "tags_all": {
              "Environment": "dev",
              "ManagedBy": "terraform",
              "Name": "plant-monitoring-sg-homeassistant",
              "Project": "plant-monitoring"
            },
            "timeouts": null,
            "vpc_id": "vpc-0571f9cfea1d48079"
          },
          "sensitive_attributes": [],
          "identity_schema_version": 0,
          "private": "eyJlMmJmYjczMC1lY2FhLTExZTYtOGY4OC0zNDM2M2JjN2M0YzAiOnsiY3JlYXRlIjo2MDAwMDAwMDAwMDAsImRlbGV0ZSI6OTAwMDAwMDAwMDAwfSwic2NoZW1hX3ZlcnNpb24iOiIxIn0=",
          "dependencies": [
            "module.networking.aws_vpc.main"
          ]
        }
      ]
    },
    {
      "module": "module.security",
      "mode": "managed",
      "type": "aws_security_group",
      "name": "kafka",
      "provider": "provider[\"registry.terraform.io/hashicorp/aws\"]",
      "instances": [
        {
          "schema_version": 1,
          "attributes": {
            "arn": "arn:aws:ec2:us-east-2:442042542151:security-group/sg-05506893919644fbb",
            "description": "Kafka security group - VM-1 message broker for plant sensor data",
            "egress": [
              {
                "cidr_blocks": [
                  "0.0.0.0/0"
                ],
                "description": "",
                "from_port": 0,
                "ipv6_cidr_blocks": [],
                "prefix_list_ids": [],
                "protocol": "-1",
                "security_groups": [],
                "self": false,
                "to_port": 0
              }
            ],
            "id": "sg-05506893919644fbb",
            "ingress": [
              {
                "cidr_blocks": [
                  "0.0.0.0/0"
                ],
                "description": "SSH access for administrative tasks",
                "from_port": 22,
                "ipv6_cidr_blocks": [],
                "prefix_list_ids": [],
                "protocol": "tcp",
                "security_groups": [],
                "self": false,
                "to_port": 22
              },
              {
                "cidr_blocks": [
                  "10.0.0.0/16"
                ],
                "description": "Kafka broker access from VPC (processor and other services)",
                "from_port": 9092,
                "ipv6_cidr_blocks": [],
                "prefix_list_ids": [],
                "protocol": "tcp",
                "security_groups": [],
                "self": false,
                "to_port": 9092
              }
            ],
            "name": "SG-Kafka",
            "name_prefix": "",
            "owner_id": "442042542151",
            "revoke_rules_on_delete": false,
            "tags": {
              "Environment": "dev",
              "ManagedBy": "terraform",
              "Name": "plant-monitoring-sg-kafka",
              "Project": "plant-monitoring"
            },
            "tags_all": {
              "Environment": "dev",
              "ManagedBy": "terraform",
              "Name": "plant-monitoring-sg-kafka",
              "Project": "plant-monitoring"
            },
            "timeouts": null,
            "vpc_id": "vpc-0571f9cfea1d48079"
          },
          "sensitive_attributes": [],
          "identity_schema_version": 0,
          "private": "eyJlMmJmYjczMC1lY2FhLTExZTYtOGY4OC0zNDM2M2JjN2M0YzAiOnsiY3JlYXRlIjo2MDAwMDAwMDAwMDAsImRlbGV0ZSI6OTAwMDAwMDAwMDAwfSwic2NoZW1hX3ZlcnNpb24iOiIxIn0=",
          "dependencies": [
            "module.networking.aws_vpc.main"
          ]
        }
      ]
    },
    {
      "module": "module.security",
      "mode": "managed",
      "type": "aws_security_group",
      "name": "mongodb",
      "provider": "provider[\"registry.terraform.io/hashicorp/aws\"]",
      "instances": [
        {
          "schema_version": 1,
          "attributes": {
            "arn": "arn:aws:ec2:us-east-2:442042542151:security-group/sg-0c9a64f55e66604e1",
            "description": "MongoDB security group - VM-2 database with authentication for plant sensor data storage",
            "egress": [
              {
                "cidr_blocks": [
                  "0.0.0.0/0"
                ],
                "description": "",
                "from_port": 0,
                "ipv6_cidr_blocks": [],
                "prefix_list_ids": [],
                "protocol": "-1",
                "security_groups": [],
                "self": false,
                "to_port": 0
              }
            ],
            "id": "sg-0c9a64f55e66604e1",
            "ingress": [
              {
                "cidr_blocks": [
                  "0.0.0.0/0"
                ],
                "description": "SSH access for administrative tasks and database management",
                "from_port": 22,
                "ipv6_cidr_blocks": [],
                "prefix_list_ids": [],
                "protocol": "tcp",
                "security_groups": [],
                "self": false,
                "to_port": 22
              },
              {
                "cidr_blocks": [],
                "description": "MongoDB database access restricted to processor service only (database boundary)",
                "from_port": 27017,
                "ipv6_cidr_blocks": [],
                "prefix_list_ids": [],
                "protocol": "tcp",
                "security_groups": [
                  "sg-09b1ff2ccf4488f97"
                ],
                "self": false,
                "to_port": 27017
              }
            ],
            "name": "SG-MongoDB",
            "name_prefix": "",
            "owner_id": "442042542151",
            "revoke_rules_on_delete": false,
            "tags": {
              "Environment": "dev",
              "ManagedBy": "terraform",
              "Name": "plant-monitoring-sg-mongodb",
              "Project": "plant-monitoring"
            },
            "tags_all": {
              "Environment": "dev",
              "ManagedBy": "terraform",
              "Name": "plant-monitoring-sg-mongodb",
              "Project": "plant-monitoring"
            },
            "timeouts": null,
            "vpc_id": "vpc-0571f9cfea1d48079"
          },
          "sensitive_attributes": [],
          "identity_schema_version": 0,
          "private": "eyJlMmJmYjczMC1lY2FhLTExZTYtOGY4OC0zNDM2M2JjN2M0YzAiOnsiY3JlYXRlIjo2MDAwMDAwMDAwMDAsImRlbGV0ZSI6OTAwMDAwMDAwMDAwfSwic2NoZW1hX3ZlcnNpb24iOiIxIn0=",
          "dependencies": [
            "module.networking.aws_vpc.main"
          ]
        }
      ]
    },
    {
      "module": "module.security",
      "mode": "managed",
      "type": "aws_security_group",
      "name": "processor",
      "provider": "provider[\"registry.terraform.io/hashicorp/aws\"]",
      "instances": [
        {
          "schema_version": 1,
          "attributes": {
            "arn": "arn:aws:ec2:us-east-2:442042542151:security-group/sg-09b1ff2ccf4488f97",
            "description": "Processor security group - VM-3 plant care processor with automatic MQTT discovery",
            "egress": [
              {
                "cidr_blocks": [
                  "0.0.0.0/0"
                ],
                "description": "",
                "from_port": 0,
                "ipv6_cidr_blocks": [],
                "prefix_list_ids": [],
                "protocol": "-1",
                "security_groups": [],
                "self": false,
                "to_port": 0
              }
            ],
            "id": "sg-09b1ff2ccf4488f97",
            "ingress": [
              {
                "cidr_blocks": [
                  "0.0.0.0/0"
                ],
                "description": "HTTP outbound for package downloads and external API calls",
                "from_port": 80,
                "ipv6_cidr_blocks": [],
                "prefix_list_ids": [],
                "protocol": "tcp",
                "security_groups": [],
                "self": false,
                "to_port": 80
              },
              {
                "cidr_blocks": [
                  "0.0.0.0/0"
                ],
                "description": "HTTPS outbound for package downloads and external API calls",
                "from_port": 443,
                "ipv6_cidr_blocks": [],
                "prefix_list_ids": [],
                "protocol": "tcp",
                "security_groups": [],
                "self": false,
                "to_port": 443
              },
              {
                "cidr_blocks": [
                  "0.0.0.0/0"
                ],
                "description": "SSH access for administrative tasks and application deployment",
                "from_port": 22,
                "ipv6_cidr_blocks": [],
                "prefix_list_ids": [],
                "protocol": "tcp",
                "security_groups": [],
                "self": false,
                "to_port": 22
              },
              {
                "cidr_blocks": [],
                "description": "Processor API access from Home Assistant for plant care recommendations",
                "from_port": 8080,
                "ipv6_cidr_blocks": [],
                "prefix_list_ids": [],
                "protocol": "tcp",
                "security_groups": [
                  "sg-0cdb63f9c19101731"
                ],
                "self": false,
                "to_port": 8080
              }
            ],
            "name": "SG-Processor",
            "name_prefix": "",
            "owner_id": "442042542151",
            "revoke_rules_on_delete": false,
            "tags": {
              "Environment": "dev",
              "ManagedBy": "terraform",
              "Name": "plant-monitoring-sg-processor",
              "Project": "plant-monitoring"
            },
            "tags_all": {
              "Environment": "dev",
              "ManagedBy": "terraform",
              "Name": "plant-monitoring-sg-processor",
              "Project": "plant-monitoring"
            },
            "timeouts": null,
            "vpc_id": "vpc-0571f9cfea1d48079"
          },
          "sensitive_attributes": [],
          "identity_schema_version": 0,
          "private": "eyJlMmJmYjczMC1lY2FhLTExZTYtOGY4OC0zNDM2M2JjN2M0YzAiOnsiY3JlYXRlIjo2MDAwMDAwMDAwMDAsImRlbGV0ZSI6OTAwMDAwMDAwMDAwfSwic2NoZW1hX3ZlcnNpb24iOiIxIn0=",
          "dependencies": [
            "module.networking.aws_vpc.main"
          ]
        }
      ]
    },
    {
      "module": "module.security",
      "mode": "managed",
      "type": "aws_security_group_rule",
      "name": "homeassistant_from_processor_mqtt",
      "provider": "provider[\"registry.terraform.io/hashicorp/aws\"]",
      "instances": [
        {
          "schema_version": 2,
          "attributes": {
            "cidr_blocks": null,
            "description": "MQTT broker access from processor service for plant care alerts and sensor data",
            "from_port": 1883,
            "id": "sgrule-2227542956",
            "ipv6_cidr_blocks": null,
            "prefix_list_ids": null,
            "protocol": "tcp",
            "security_group_id": "sg-0cdb63f9c19101731",
            "security_group_rule_id": "sgr-0f9d84480b4e6de93",
            "self": false,
            "source_security_group_id": "sg-09b1ff2ccf4488f97",
            "timeouts": null,
            "to_port": 1883,
            "type": "ingress"
          },
          "sensitive_attributes": [],
          "identity_schema_version": 0,
          "private": "eyJlMmJmYjczMC1lY2FhLTExZTYtOGY4OC0zNDM2M2JjN2M0YzAiOnsiY3JlYXRlIjozMDAwMDAwMDAwMDB9LCJzY2hlbWFfdmVyc2lvbiI6IjIifQ==",
          "dependencies": [
            "module.networking.aws_vpc.main",
            "module.security.aws_security_group.homeassistant",
            "module.security.aws_security_group.processor"
          ]
        }
      ]
    },
    {
      "module": "module.security",
      "mode": "managed",
      "type": "aws_security_group_rule",
      "name": "homeassistant_mqtt_public",
      "provider": "provider[\"registry.terraform.io/hashicorp/aws\"]",
      "instances": [
        {
          "schema_version": 2,
          "attributes": {
            "cidr_blocks": [
              "0.0.0.0/0"
            ],
            "description": "MQTT broker public access for Home Assistant integration setup from browsers",
            "from_port": 1883,
            "id": "sgrule-201093071",
            "ipv6_cidr_blocks": null,
            "prefix_list_ids": null,
            "protocol": "tcp",
            "security_group_id": "sg-0cdb63f9c19101731",
            "security_group_rule_id": "sgr-030137bc8d60390d1",
            "self": false,
            "source_security_group_id": null,
            "timeouts": null,
            "to_port": 1883,
            "type": "ingress"
          },
          "sensitive_attributes": [],
          "identity_schema_version": 0,
          "private": "eyJlMmJmYjczMC1lY2FhLTExZTYtOGY4OC0zNDM2M2JjN2M0YzAiOnsiY3JlYXRlIjozMDAwMDAwMDAwMDB9LCJzY2hlbWFfdmVyc2lvbiI6IjIifQ==",
          "dependencies": [
            "module.networking.aws_vpc.main",
            "module.security.aws_security_group.homeassistant"
          ]
        }
      ]
    },
    {
      "module": "module.security",
      "mode": "managed",
      "type": "aws_security_group_rule",
      "name": "mongodb_from_processor",
      "provider": "provider[\"registry.terraform.io/hashicorp/aws\"]",
      "instances": [
        {
          "schema_version": 2,
          "attributes": {
            "cidr_blocks": null,
            "description": "MongoDB database access restricted to processor service only (database boundary)",
            "from_port": 27017,
            "id": "sgrule-1040885321",
            "ipv6_cidr_blocks": null,
            "prefix_list_ids": null,
            "protocol": "tcp",
            "security_group_id": "sg-0c9a64f55e66604e1",
            "security_group_rule_id": "sgr-032eb47b7b2ab8d75",
            "self": false,
            "source_security_group_id": "sg-09b1ff2ccf4488f97",
            "timeouts": null,
            "to_port": 27017,
            "type": "ingress"
          },
          "sensitive_attributes": [],
          "identity_schema_version": 0,
          "private": "eyJlMmJmYjczMC1lY2FhLTExZTYtOGY4OC0zNDM2M2JjN2M0YzAiOnsiY3JlYXRlIjozMDAwMDAwMDAwMDB9LCJzY2hlbWFfdmVyc2lvbiI6IjIifQ==",
          "dependencies": [
            "module.networking.aws_vpc.main",
            "module.security.aws_security_group.mongodb",
            "module.security.aws_security_group.processor"
          ]
        }
      ]
    },
    {
      "module": "module.security",
      "mode": "managed",
      "type": "aws_security_group_rule",
      "name": "processor_from_homeassistant",
      "provider": "provider[\"registry.terraform.io/hashicorp/aws\"]",
      "instances": [
        {
          "schema_version": 2,
          "attributes": {
            "cidr_blocks": null,
            "description": "Processor API access from Home Assistant for plant care recommendations",
            "from_port": 8080,
            "id": "sgrule-2065794645",
            "ipv6_cidr_blocks": null,
            "prefix_list_ids": null,
            "protocol": "tcp",
            "security_group_id": "sg-09b1ff2ccf4488f97",
            "security_group_rule_id": "sgr-0604e4cdab156803a",
            "self": false,
            "source_security_group_id": "sg-0cdb63f9c19101731",
            "timeouts": null,
            "to_port": 8080,
            "type": "ingress"
          },
          "sensitive_attributes": [],
          "identity_schema_version": 0,
          "private": "eyJlMmJmYjczMC1lY2FhLTExZTYtOGY4OC0zNDM2M2JjN2M0YzAiOnsiY3JlYXRlIjozMDAwMDAwMDAwMDB9LCJzY2hlbWFfdmVyc2lvbiI6IjIifQ==",
          "dependencies": [
            "module.networking.aws_vpc.main",
            "module.security.aws_security_group.homeassistant",
            "module.security.aws_security_group.processor"
          ]
        }
      ]
    }
  ],
  "check_results": null
}
